
Microsoft Visual Studio Solution File, Format Version 12.00
Project("{FAE04EC0-301F-11D3-BF4B-00C04F79EFBC}") = "bsk", "bsk\bsk.csproj", "{628E5276-9E5B-4CBA-99B7-A75F54CF8F73}"
EndProject
Project("{FAE04EC0-301F-11D3-BF4B-00C04F79EFBC}") = "server", "server\server.csproj", "{37BC5448-03F2-404D-A2D9-DA8BBD0AA4F6}"
EndProject
Global
	GlobalSection(SolutionConfigurationPlatforms) = preSolution
		Debug|Any CPU = Debug|Any CPU
		Release|Any CPU = Release|Any CPU
	EndGlobalSection
	GlobalSection(ProjectConfigurationPlatforms) = postSolution
		{628E5276-9E5B-4CBA-99B7-A75F54CF8F73}.Debug|Any CPU.ActiveCfg = Debug|Any CPU
		{628E5276-9E5B-4CBA-99B7-A75F54CF8F73}.Debug|Any CPU.Build.0 = Debug|Any CPU
		{628E5276-9E5B-4CBA-99B7-A75F54CF8F73}.Release|Any CPU.ActiveCfg = Release|Any CPU
		{628E5276-9E5B-4CBA-99B7-A75F54CF8F73}.Release|Any CPU.Build.0 = Release|Any CPU
		{37BC5448-03F2-404D-A2D9-DA8BBD0AA4F6}.Debug|Any CPU.ActiveCfg = Debug|Any CPU
		{37BC5448-03F2-404D-A2D9-DA8BBD0AA4F6}.Debug|Any CPU.Build.0 = Debug|Any CPU
		{37BC5448-03F2-404D-A2D9-DA8BBD0AA4F6}.Release|Any CPU.ActiveCfg = Release|Any CPU
		{37BC5448-03F2-404D-A2D9-DA8BBD0AA4F6}.Release|Any CPU.Build.0 = Release|Any CPU
	EndGlobalSection
EndGlobal
